// !$*UTF8*$!
{
	archiveVersion = 1;
	classes = {
	};
	objectVersion = 51;
	objects = {

/* Begin PBXBuildFile section */
		08E9C802CC6599C2C62BEECE /* Pods_MSU_Groups_MSU_GroupsUITests.framework in Frameworks */ = {isa = PBXBuildFile; fileRef = AF2B9E190A571FC361A081D5 /* Pods_MSU_Groups_MSU_GroupsUITests.framework */; };
		6C58965B257DDAB7005DFE73 /* EditSocialViewController.swift in Sources */ = {isa = PBXBuildFile; fileRef = 6C58965A257DDAB7005DFE73 /* EditSocialViewController.swift */; };
		B15BAC0C257EBF78000E5789 /* EditProfileViewController.swift in Sources */ = {isa = PBXBuildFile; fileRef = B15BAC0B257EBF78000E5789 /* EditProfileViewController.swift */; };
		B15BAC11257ED858000E5789 /* PhotoViewController.swift in Sources */ = {isa = PBXBuildFile; fileRef = B15BAC10257ED858000E5789 /* PhotoViewController.swift */; };
		B18B883025719B450028B7E5 /* AppDelegate.swift in Sources */ = {isa = PBXBuildFile; fileRef = B18B882F25719B450028B7E5 /* AppDelegate.swift */; };
		B18B883225719B450028B7E5 /* SceneDelegate.swift in Sources */ = {isa = PBXBuildFile; fileRef = B18B883125719B450028B7E5 /* SceneDelegate.swift */; };
		B18B883725719B450028B7E5 /* Main.storyboard in Resources */ = {isa = PBXBuildFile; fileRef = B18B883525719B450028B7E5 /* Main.storyboard */; };
		B18B883925719B460028B7E5 /* Assets.xcassets in Resources */ = {isa = PBXBuildFile; fileRef = B18B883825719B460028B7E5 /* Assets.xcassets */; };
		B18B883C25719B460028B7E5 /* LaunchScreen.storyboard in Resources */ = {isa = PBXBuildFile; fileRef = B18B883A25719B460028B7E5 /* LaunchScreen.storyboard */; };
		B18B884725719B460028B7E5 /* MSU_GroupsTests.swift in Sources */ = {isa = PBXBuildFile; fileRef = B18B884625719B460028B7E5 /* MSU_GroupsTests.swift */; };
		B18B885225719B460028B7E5 /* MSU_GroupsUITests.swift in Sources */ = {isa = PBXBuildFile; fileRef = B18B885125719B460028B7E5 /* MSU_GroupsUITests.swift */; };
		B18B886625719BD00028B7E5 /* LoginViewController.swift in Sources */ = {isa = PBXBuildFile; fileRef = B18B886525719BD00028B7E5 /* LoginViewController.swift */; };
		B18B886C25719BFA0028B7E5 /* FeedViewController.swift in Sources */ = {isa = PBXBuildFile; fileRef = B18B886B25719BFA0028B7E5 /* FeedViewController.swift */; };
		B18B88802572E1340028B7E5 /* ProfileViewController.swift in Sources */ = {isa = PBXBuildFile; fileRef = B18B887F2572E1340028B7E5 /* ProfileViewController.swift */; };
		DA31C9A40A8BFEE655082215 /* Pods_MSU_Groups.framework in Frameworks */ = {isa = PBXBuildFile; fileRef = 925D217ED1BEA9E4A94AD8D5 /* Pods_MSU_Groups.framework */; };
		E1CAFCA84F952BC921E58013 /* Pods_MSU_GroupsTests.framework in Frameworks */ = {isa = PBXBuildFile; fileRef = 0EF8A83E3BA16C4E234AB082 /* Pods_MSU_GroupsTests.framework */; };
		E8FB46212579C9E7005ABCF7 /* SocialViewCell.swift in Sources */ = {isa = PBXBuildFile; fileRef = E8FB46202579C9E7005ABCF7 /* SocialViewCell.swift */; };
/* End PBXBuildFile section */

/* Begin PBXContainerItemProxy section */
		B18B884325719B460028B7E5 /* PBXContainerItemProxy */ = {
			isa = PBXContainerItemProxy;
			containerPortal = B18B882425719B450028B7E5 /* Project object */;
			proxyType = 1;
			remoteGlobalIDString = B18B882B25719B450028B7E5;
			remoteInfo = "MSU Groups";
		};
		B18B884E25719B460028B7E5 /* PBXContainerItemProxy */ = {
			isa = PBXContainerItemProxy;
			containerPortal = B18B882425719B450028B7E5 /* Project object */;
			proxyType = 1;
			remoteGlobalIDString = B18B882B25719B450028B7E5;
			remoteInfo = "MSU Groups";
		};
/* End PBXContainerItemProxy section */

/* Begin PBXFileReference section */
		0EF8A83E3BA16C4E234AB082 /* Pods_MSU_GroupsTests.framework */ = {isa = PBXFileReference; explicitFileType = wrapper.framework; includeInIndex = 0; path = Pods_MSU_GroupsTests.framework; sourceTree = BUILT_PRODUCTS_DIR; };
		3B7F76172938B3712CB4FC7A /* Pods-MSU Groups-MSU GroupsUITests.debug.xcconfig */ = {isa = PBXFileReference; includeInIndex = 1; lastKnownFileType = text.xcconfig; name = "Pods-MSU Groups-MSU GroupsUITests.debug.xcconfig"; path = "Target Support Files/Pods-MSU Groups-MSU GroupsUITests/Pods-MSU Groups-MSU GroupsUITests.debug.xcconfig"; sourceTree = "<group>"; };
		51E7C56667626014A447B51A /* Pods-MSU Groups.debug.xcconfig */ = {isa = PBXFileReference; includeInIndex = 1; lastKnownFileType = text.xcconfig; name = "Pods-MSU Groups.debug.xcconfig"; path = "Target Support Files/Pods-MSU Groups/Pods-MSU Groups.debug.xcconfig"; sourceTree = "<group>"; };
		6C58965A257DDAB7005DFE73 /* EditSocialViewController.swift */ = {isa = PBXFileReference; lastKnownFileType = sourcecode.swift; path = EditSocialViewController.swift; sourceTree = "<group>"; };
		8D377AE94414C2846FDA77A7 /* Pods-MSU Groups-MSU GroupsUITests.release.xcconfig */ = {isa = PBXFileReference; includeInIndex = 1; lastKnownFileType = text.xcconfig; name = "Pods-MSU Groups-MSU GroupsUITests.release.xcconfig"; path = "Target Support Files/Pods-MSU Groups-MSU GroupsUITests/Pods-MSU Groups-MSU GroupsUITests.release.xcconfig"; sourceTree = "<group>"; };
		925D217ED1BEA9E4A94AD8D5 /* Pods_MSU_Groups.framework */ = {isa = PBXFileReference; explicitFileType = wrapper.framework; includeInIndex = 0; path = Pods_MSU_Groups.framework; sourceTree = BUILT_PRODUCTS_DIR; };
		9A201AA4BCB759C2D5309872 /* Pods-MSU Groups.release.xcconfig */ = {isa = PBXFileReference; includeInIndex = 1; lastKnownFileType = text.xcconfig; name = "Pods-MSU Groups.release.xcconfig"; path = "Target Support Files/Pods-MSU Groups/Pods-MSU Groups.release.xcconfig"; sourceTree = "<group>"; };
		A5AF62D2D514BE3945C2EEB5 /* Pods-MSU GroupsTests.debug.xcconfig */ = {isa = PBXFileReference; includeInIndex = 1; lastKnownFileType = text.xcconfig; name = "Pods-MSU GroupsTests.debug.xcconfig"; path = "Target Support Files/Pods-MSU GroupsTests/Pods-MSU GroupsTests.debug.xcconfig"; sourceTree = "<group>"; };
		AF2B9E190A571FC361A081D5 /* Pods_MSU_Groups_MSU_GroupsUITests.framework */ = {isa = PBXFileReference; explicitFileType = wrapper.framework; includeInIndex = 0; path = Pods_MSU_Groups_MSU_GroupsUITests.framework; sourceTree = BUILT_PRODUCTS_DIR; };
		B15BAC0B257EBF78000E5789 /* EditProfileViewController.swift */ = {isa = PBXFileReference; lastKnownFileType = sourcecode.swift; path = EditProfileViewController.swift; sourceTree = "<group>"; };
		B15BAC10257ED858000E5789 /* PhotoViewController.swift */ = {isa = PBXFileReference; lastKnownFileType = sourcecode.swift; path = PhotoViewController.swift; sourceTree = "<group>"; };
		B18B882C25719B450028B7E5 /* MSU Groups.app */ = {isa = PBXFileReference; explicitFileType = wrapper.application; includeInIndex = 0; path = "MSU Groups.app"; sourceTree = BUILT_PRODUCTS_DIR; };
		B18B882F25719B450028B7E5 /* AppDelegate.swift */ = {isa = PBXFileReference; lastKnownFileType = sourcecode.swift; path = AppDelegate.swift; sourceTree = "<group>"; };
		B18B883125719B450028B7E5 /* SceneDelegate.swift */ = {isa = PBXFileReference; lastKnownFileType = sourcecode.swift; path = SceneDelegate.swift; sourceTree = "<group>"; };
		B18B883625719B450028B7E5 /* Base */ = {isa = PBXFileReference; lastKnownFileType = file.storyboard; name = Base; path = Base.lproj/Main.storyboard; sourceTree = "<group>"; };
		B18B883825719B460028B7E5 /* Assets.xcassets */ = {isa = PBXFileReference; lastKnownFileType = folder.assetcatalog; path = Assets.xcassets; sourceTree = "<group>"; };
		B18B883B25719B460028B7E5 /* Base */ = {isa = PBXFileReference; lastKnownFileType = file.storyboard; name = Base; path = Base.lproj/LaunchScreen.storyboard; sourceTree = "<group>"; };
		B18B883D25719B460028B7E5 /* Info.plist */ = {isa = PBXFileReference; lastKnownFileType = text.plist.xml; path = Info.plist; sourceTree = "<group>"; };
		B18B884225719B460028B7E5 /* MSU GroupsTests.xctest */ = {isa = PBXFileReference; explicitFileType = wrapper.cfbundle; includeInIndex = 0; path = "MSU GroupsTests.xctest"; sourceTree = BUILT_PRODUCTS_DIR; };
		B18B884625719B460028B7E5 /* MSU_GroupsTests.swift */ = {isa = PBXFileReference; lastKnownFileType = sourcecode.swift; path = MSU_GroupsTests.swift; sourceTree = "<group>"; };
		B18B884825719B460028B7E5 /* Info.plist */ = {isa = PBXFileReference; lastKnownFileType = text.plist.xml; path = Info.plist; sourceTree = "<group>"; };
		B18B884D25719B460028B7E5 /* MSU GroupsUITests.xctest */ = {isa = PBXFileReference; explicitFileType = wrapper.cfbundle; includeInIndex = 0; path = "MSU GroupsUITests.xctest"; sourceTree = BUILT_PRODUCTS_DIR; };
		B18B885125719B460028B7E5 /* MSU_GroupsUITests.swift */ = {isa = PBXFileReference; lastKnownFileType = sourcecode.swift; path = MSU_GroupsUITests.swift; sourceTree = "<group>"; };
		B18B885325719B460028B7E5 /* Info.plist */ = {isa = PBXFileReference; lastKnownFileType = text.plist.xml; path = Info.plist; sourceTree = "<group>"; };
		B18B886525719BD00028B7E5 /* LoginViewController.swift */ = {isa = PBXFileReference; lastKnownFileType = sourcecode.swift; path = LoginViewController.swift; sourceTree = "<group>"; };
		B18B886B25719BFA0028B7E5 /* FeedViewController.swift */ = {isa = PBXFileReference; lastKnownFileType = sourcecode.swift; path = FeedViewController.swift; sourceTree = "<group>"; };
		B18B887F2572E1340028B7E5 /* ProfileViewController.swift */ = {isa = PBXFileReference; lastKnownFileType = sourcecode.swift; path = ProfileViewController.swift; sourceTree = "<group>"; };
		C9BC7E06C97EF3D2B6F1A284 /* Pods-MSU GroupsTests.release.xcconfig */ = {isa = PBXFileReference; includeInIndex = 1; lastKnownFileType = text.xcconfig; name = "Pods-MSU GroupsTests.release.xcconfig"; path = "Target Support Files/Pods-MSU GroupsTests/Pods-MSU GroupsTests.release.xcconfig"; sourceTree = "<group>"; };
		E8FB46202579C9E7005ABCF7 /* SocialViewCell.swift */ = {isa = PBXFileReference; lastKnownFileType = sourcecode.swift; path = SocialViewCell.swift; sourceTree = "<group>"; };
/* End PBXFileReference section */

/* Begin PBXFrameworksBuildPhase section */
		B18B882925719B450028B7E5 /* Frameworks */ = {
			isa = PBXFrameworksBuildPhase;
			buildActionMask = 2147483647;
			files = (
				DA31C9A40A8BFEE655082215 /* Pods_MSU_Groups.framework in Frameworks */,
			);
			runOnlyForDeploymentPostprocessing = 0;
		};
		B18B883F25719B460028B7E5 /* Frameworks */ = {
			isa = PBXFrameworksBuildPhase;
			buildActionMask = 2147483647;
			files = (
				E1CAFCA84F952BC921E58013 /* Pods_MSU_GroupsTests.framework in Frameworks */,
			);
			runOnlyForDeploymentPostprocessing = 0;
		};
		B18B884A25719B460028B7E5 /* Frameworks */ = {
			isa = PBXFrameworksBuildPhase;
			buildActionMask = 2147483647;
			files = (
				08E9C802CC6599C2C62BEECE /* Pods_MSU_Groups_MSU_GroupsUITests.framework in Frameworks */,
			);
			runOnlyForDeploymentPostprocessing = 0;
		};
/* End PBXFrameworksBuildPhase section */

/* Begin PBXGroup section */
		0BC8BC3FB9545742EAE14F1A /* Pods */ = {
			isa = PBXGroup;
			children = (
				51E7C56667626014A447B51A /* Pods-MSU Groups.debug.xcconfig */,
				9A201AA4BCB759C2D5309872 /* Pods-MSU Groups.release.xcconfig */,
				3B7F76172938B3712CB4FC7A /* Pods-MSU Groups-MSU GroupsUITests.debug.xcconfig */,
				8D377AE94414C2846FDA77A7 /* Pods-MSU Groups-MSU GroupsUITests.release.xcconfig */,
				A5AF62D2D514BE3945C2EEB5 /* Pods-MSU GroupsTests.debug.xcconfig */,
				C9BC7E06C97EF3D2B6F1A284 /* Pods-MSU GroupsTests.release.xcconfig */,
			);
			path = Pods;
			sourceTree = "<group>";
		};
		B18B882325719B450028B7E5 = {
			isa = PBXGroup;
			children = (
				B18B882E25719B450028B7E5 /* MSU Groups */,
				B18B884525719B460028B7E5 /* MSU GroupsTests */,
				B18B885025719B460028B7E5 /* MSU GroupsUITests */,
				B18B882D25719B450028B7E5 /* Products */,
				0BC8BC3FB9545742EAE14F1A /* Pods */,
				CE4695162B33E50C0035FD77 /* Frameworks */,
			);
			sourceTree = "<group>";
		};
		B18B882D25719B450028B7E5 /* Products */ = {
			isa = PBXGroup;
			children = (
				B18B882C25719B450028B7E5 /* MSU Groups.app */,
				B18B884225719B460028B7E5 /* MSU GroupsTests.xctest */,
				B18B884D25719B460028B7E5 /* MSU GroupsUITests.xctest */,
			);
			name = Products;
			sourceTree = "<group>";
		};
		B18B882E25719B450028B7E5 /* MSU Groups */ = {
			isa = PBXGroup;
			children = (
				B18B882F25719B450028B7E5 /* AppDelegate.swift */,
				B18B883125719B450028B7E5 /* SceneDelegate.swift */,
				B18B883525719B450028B7E5 /* Main.storyboard */,
				B18B883825719B460028B7E5 /* Assets.xcassets */,
				B18B883A25719B460028B7E5 /* LaunchScreen.storyboard */,
				B18B883D25719B460028B7E5 /* Info.plist */,
				B18B886525719BD00028B7E5 /* LoginViewController.swift */,
				B18B886B25719BFA0028B7E5 /* FeedViewController.swift */,
				B18B887F2572E1340028B7E5 /* ProfileViewController.swift */,
				E8FB46202579C9E7005ABCF7 /* SocialViewCell.swift */,
				6C58965A257DDAB7005DFE73 /* EditSocialViewController.swift */,
				B15BAC0B257EBF78000E5789 /* EditProfileViewController.swift */,
				B15BAC10257ED858000E5789 /* PhotoViewController.swift */,
			);
			path = "MSU Groups";
			sourceTree = "<group>";
		};
		B18B884525719B460028B7E5 /* MSU GroupsTests */ = {
			isa = PBXGroup;
			children = (
				B18B884625719B460028B7E5 /* MSU_GroupsTests.swift */,
				B18B884825719B460028B7E5 /* Info.plist */,
			);
			path = "MSU GroupsTests";
			sourceTree = "<group>";
		};
		B18B885025719B460028B7E5 /* MSU GroupsUITests */ = {
			isa = PBXGroup;
			children = (
				B18B885125719B460028B7E5 /* MSU_GroupsUITests.swift */,
				B18B885325719B460028B7E5 /* Info.plist */,
			);
			path = "MSU GroupsUITests";
			sourceTree = "<group>";
		};
		CE4695162B33E50C0035FD77 /* Frameworks */ = {
			isa = PBXGroup;
			children = (
				925D217ED1BEA9E4A94AD8D5 /* Pods_MSU_Groups.framework */,
				AF2B9E190A571FC361A081D5 /* Pods_MSU_Groups_MSU_GroupsUITests.framework */,
				0EF8A83E3BA16C4E234AB082 /* Pods_MSU_GroupsTests.framework */,
			);
			name = Frameworks;
			sourceTree = "<group>";
		};
/* End PBXGroup section */

/* Begin PBXNativeTarget section */
		B18B882B25719B450028B7E5 /* MSU Groups */ = {
			isa = PBXNativeTarget;
			buildConfigurationList = B18B885625719B460028B7E5 /* Build configuration list for PBXNativeTarget "MSU Groups" */;
			buildPhases = (
				BC3616FC9C2191EB329BFA1F /* [CP] Check Pods Manifest.lock */,
				B18B882825719B450028B7E5 /* Sources */,
				B18B882925719B450028B7E5 /* Frameworks */,
				B18B882A25719B450028B7E5 /* Resources */,
				2B9D93A3E669890F415909EF /* [CP] Embed Pods Frameworks */,
			);
			buildRules = (
			);
			dependencies = (
			);
			name = "MSU Groups";
			productName = "MSU Groups";
			productReference = B18B882C25719B450028B7E5 /* MSU Groups.app */;
			productType = "com.apple.product-type.application";
		};
		B18B884125719B460028B7E5 /* MSU GroupsTests */ = {
			isa = PBXNativeTarget;
			buildConfigurationList = B18B885925719B460028B7E5 /* Build configuration list for PBXNativeTarget "MSU GroupsTests" */;
			buildPhases = (
				60C7B7D102D9F07E5AFF5EF6 /* [CP] Check Pods Manifest.lock */,
				B18B883E25719B460028B7E5 /* Sources */,
				B18B883F25719B460028B7E5 /* Frameworks */,
				B18B884025719B460028B7E5 /* Resources */,
			);
			buildRules = (
			);
			dependencies = (
				B18B884425719B460028B7E5 /* PBXTargetDependency */,
			);
			name = "MSU GroupsTests";
			productName = "MSU GroupsTests";
			productReference = B18B884225719B460028B7E5 /* MSU GroupsTests.xctest */;
			productType = "com.apple.product-type.bundle.unit-test";
		};
		B18B884C25719B460028B7E5 /* MSU GroupsUITests */ = {
			isa = PBXNativeTarget;
			buildConfigurationList = B18B885C25719B460028B7E5 /* Build configuration list for PBXNativeTarget "MSU GroupsUITests" */;
			buildPhases = (
				011B35CF9C18006F6D2B3B68 /* [CP] Check Pods Manifest.lock */,
				B18B884925719B460028B7E5 /* Sources */,
				B18B884A25719B460028B7E5 /* Frameworks */,
				B18B884B25719B460028B7E5 /* Resources */,
				83CB03BFC6B1E9F7CE3FD5FF /* [CP] Embed Pods Frameworks */,
			);
			buildRules = (
			);
			dependencies = (
				B18B884F25719B460028B7E5 /* PBXTargetDependency */,
			);
			name = "MSU GroupsUITests";
			productName = "MSU GroupsUITests";
			productReference = B18B884D25719B460028B7E5 /* MSU GroupsUITests.xctest */;
			productType = "com.apple.product-type.bundle.ui-testing";
		};
/* End PBXNativeTarget section */

/* Begin PBXProject section */
		B18B882425719B450028B7E5 /* Project object */ = {
			isa = PBXProject;
			attributes = {
				LastSwiftUpdateCheck = 1220;
				LastUpgradeCheck = 1220;
				TargetAttributes = {
					B18B882B25719B450028B7E5 = {
						CreatedOnToolsVersion = 12.2;
					};
					B18B884125719B460028B7E5 = {
						CreatedOnToolsVersion = 12.2;
						TestTargetID = B18B882B25719B450028B7E5;
					};
					B18B884C25719B460028B7E5 = {
						CreatedOnToolsVersion = 12.2;
						TestTargetID = B18B882B25719B450028B7E5;
					};
				};
			};
			buildConfigurationList = B18B882725719B450028B7E5 /* Build configuration list for PBXProject "MSU Groups" */;
			compatibilityVersion = "Xcode 9.3";
			developmentRegion = en;
			hasScannedForEncodings = 0;
			knownRegions = (
				en,
				Base,
			);
			mainGroup = B18B882325719B450028B7E5;
			productRefGroup = B18B882D25719B450028B7E5 /* Products */;
			projectDirPath = "";
			projectRoot = "";
			targets = (
				B18B882B25719B450028B7E5 /* MSU Groups */,
				B18B884125719B460028B7E5 /* MSU GroupsTests */,
				B18B884C25719B460028B7E5 /* MSU GroupsUITests */,
			);
		};
/* End PBXProject section */

/* Begin PBXResourcesBuildPhase section */
		B18B882A25719B450028B7E5 /* Resources */ = {
			isa = PBXResourcesBuildPhase;
			buildActionMask = 2147483647;
			files = (
				B18B883C25719B460028B7E5 /* LaunchScreen.storyboard in Resources */,
				B18B883925719B460028B7E5 /* Assets.xcassets in Resources */,
				B18B883725719B450028B7E5 /* Main.storyboard in Resources */,
			);
			runOnlyForDeploymentPostprocessing = 0;
		};
		B18B884025719B460028B7E5 /* Resources */ = {
			isa = PBXResourcesBuildPhase;
			buildActionMask = 2147483647;
			files = (
			);
			runOnlyForDeploymentPostprocessing = 0;
		};
		B18B884B25719B460028B7E5 /* Resources */ = {
			isa = PBXResourcesBuildPhase;
			buildActionMask = 2147483647;
			files = (
			);
			runOnlyForDeploymentPostprocessing = 0;
		};
/* End PBXResourcesBuildPhase section */

/* Begin PBXShellScriptBuildPhase section */
		011B35CF9C18006F6D2B3B68 /* [CP] Check Pods Manifest.lock */ = {
			isa = PBXShellScriptBuildPhase;
			buildActionMask = 2147483647;
			files = (
			);
			inputFileListPaths = (
			);
			inputPaths = (
				"${PODS_PODFILE_DIR_PATH}/Podfile.lock",
				"${PODS_ROOT}/Manifest.lock",
			);
			name = "[CP] Check Pods Manifest.lock";
			outputFileListPaths = (
			);
			outputPaths = (
				"$(DERIVED_FILE_DIR)/Pods-MSU Groups-MSU GroupsUITests-checkManifestLockResult.txt",
			);
			runOnlyForDeploymentPostprocessing = 0;
			shellPath = /bin/sh;
			shellScript = "diff \"${PODS_PODFILE_DIR_PATH}/Podfile.lock\" \"${PODS_ROOT}/Manifest.lock\" > /dev/null\nif [ $? != 0 ] ; then\n    # print error to STDERR\n    echo \"error: The sandbox is not in sync with the Podfile.lock. Run 'pod install' or update your CocoaPods installation.\" >&2\n    exit 1\nfi\n# This output is used by Xcode 'outputs' to avoid re-running this script phase.\necho \"SUCCESS\" > \"${SCRIPT_OUTPUT_FILE_0}\"\n";
			showEnvVarsInLog = 0;
		};
		2B9D93A3E669890F415909EF /* [CP] Embed Pods Frameworks */ = {
			isa = PBXShellScriptBuildPhase;
			buildActionMask = 2147483647;
			files = (
			);
			inputFileListPaths = (
				"${PODS_ROOT}/Target Support Files/Pods-MSU Groups/Pods-MSU Groups-frameworks-${CONFIGURATION}-input-files.xcfilelist",
			);
			name = "[CP] Embed Pods Frameworks";
			outputFileListPaths = (
				"${PODS_ROOT}/Target Support Files/Pods-MSU Groups/Pods-MSU Groups-frameworks-${CONFIGURATION}-output-files.xcfilelist",
			);
			runOnlyForDeploymentPostprocessing = 0;
			shellPath = /bin/sh;
			shellScript = "\"${PODS_ROOT}/Target Support Files/Pods-MSU Groups/Pods-MSU Groups-frameworks.sh\"\n";
			showEnvVarsInLog = 0;
		};
		60C7B7D102D9F07E5AFF5EF6 /* [CP] Check Pods Manifest.lock */ = {
			isa = PBXShellScriptBuildPhase;
			buildActionMask = 2147483647;
			files = (
			);
			inputFileListPaths = (
			);
			inputPaths = (
				"${PODS_PODFILE_DIR_PATH}/Podfile.lock",
				"${PODS_ROOT}/Manifest.lock",
			);
			name = "[CP] Check Pods Manifest.lock";
			outputFileListPaths = (
			);
			outputPaths = (
				"$(DERIVED_FILE_DIR)/Pods-MSU GroupsTests-checkManifestLockResult.txt",
			);
			runOnlyForDeploymentPostprocessing = 0;
			shellPath = /bin/sh;
			shellScript = "diff \"${PODS_PODFILE_DIR_PATH}/Podfile.lock\" \"${PODS_ROOT}/Manifest.lock\" > /dev/null\nif [ $? != 0 ] ; then\n    # print error to STDERR\n    echo \"error: The sandbox is not in sync with the Podfile.lock. Run 'pod install' or update your CocoaPods installation.\" >&2\n    exit 1\nfi\n# This output is used by Xcode 'outputs' to avoid re-running this script phase.\necho \"SUCCESS\" > \"${SCRIPT_OUTPUT_FILE_0}\"\n";
			showEnvVarsInLog = 0;
		};
		83CB03BFC6B1E9F7CE3FD5FF /* [CP] Embed Pods Frameworks */ = {
			isa = PBXShellScriptBuildPhase;
			buildActionMask = 2147483647;
			files = (
			);
			inputFileListPaths = (
				"${PODS_ROOT}/Target Support Files/Pods-MSU Groups-MSU GroupsUITests/Pods-MSU Groups-MSU GroupsUITests-frameworks-${CONFIGURATION}-input-files.xcfilelist",
			);
			name = "[CP] Embed Pods Frameworks";
			outputFileListPaths = (
				"${PODS_ROOT}/Target Support Files/Pods-MSU Groups-MSU GroupsUITests/Pods-MSU Groups-MSU GroupsUITests-frameworks-${CONFIGURATION}-output-files.xcfilelist",
			);
			runOnlyForDeploymentPostprocessing = 0;
			shellPath = /bin/sh;
			shellScript = "\"${PODS_ROOT}/Target Support Files/Pods-MSU Groups-MSU GroupsUITests/Pods-MSU Groups-MSU GroupsUITests-frameworks.sh\"\n";
			showEnvVarsInLog = 0;
		};
		BC3616FC9C2191EB329BFA1F /* [CP] Check Pods Manifest.lock */ = {
			isa = PBXShellScriptBuildPhase;
			buildActionMask = 2147483647;
			files = (
			);
			inputFileListPaths = (
			);
			inputPaths = (
				"${PODS_PODFILE_DIR_PATH}/Podfile.lock",
				"${PODS_ROOT}/Manifest.lock",
			);
			name = "[CP] Check Pods Manifest.lock";
			outputFileListPaths = (
			);
			outputPaths = (
				"$(DERIVED_FILE_DIR)/Pods-MSU Groups-checkManifestLockResult.txt",
			);
			runOnlyForDeploymentPostprocessing = 0;
			shellPath = /bin/sh;
			shellScript = "diff \"${PODS_PODFILE_DIR_PATH}/Podfile.lock\" \"${PODS_ROOT}/Manifest.lock\" > /dev/null\nif [ $? != 0 ] ; then\n    # print error to STDERR\n    echo \"error: The sandbox is not in sync with the Podfile.lock. Run 'pod install' or update your CocoaPods installation.\" >&2\n    exit 1\nfi\n# This output is used by Xcode 'outputs' to avoid re-running this script phase.\necho \"SUCCESS\" > \"${SCRIPT_OUTPUT_FILE_0}\"\n";
			showEnvVarsInLog = 0;
		};
/* End PBXShellScriptBuildPhase section */

/* Begin PBXSourcesBuildPhase section */
		B18B882825719B450028B7E5 /* Sources */ = {
			isa = PBXSourcesBuildPhase;
			buildActionMask = 2147483647;
			files = (
				B15BAC0C257EBF78000E5789 /* EditProfileViewController.swift in Sources */,
				B18B886625719BD00028B7E5 /* LoginViewController.swift in Sources */,
				B18B883025719B450028B7E5 /* AppDelegate.swift in Sources */,
				B18B88802572E1340028B7E5 /* ProfileViewController.swift in Sources */,
				B18B886C25719BFA0028B7E5 /* FeedViewController.swift in Sources */,
				B15BAC11257ED858000E5789 /* PhotoViewController.swift in Sources */,
				B18B883225719B450028B7E5 /* SceneDelegate.swift in Sources */,
				E8FB46212579C9E7005ABCF7 /* SocialViewCell.swift in Sources */,
				6C58965B257DDAB7005DFE73 /* EditSocialViewController.swift in Sources */,
			);
			runOnlyForDeploymentPostprocessing = 0;
		};
		B18B883E25719B460028B7E5 /* Sources */ = {
			isa = PBXSourcesBuildPhase;
			buildActionMask = 2147483647;
			files = (
				B18B884725719B460028B7E5 /* MSU_GroupsTests.swift in Sources */,
			);
			runOnlyForDeploymentPostprocessing = 0;
		};
		B18B884925719B460028B7E5 /* Sources */ = {
			isa = PBXSourcesBuildPhase;
			buildActionMask = 2147483647;
			files = (
				B18B885225719B460028B7E5 /* MSU_GroupsUITests.swift in Sources */,
			);
			runOnlyForDeploymentPostprocessing = 0;
		};
/* End PBXSourcesBuildPhase section */

/* Begin PBXTargetDependency section */
		B18B884425719B460028B7E5 /* PBXTargetDependency */ = {
			isa = PBXTargetDependency;
			target = B18B882B25719B450028B7E5 /* MSU Groups */;
			targetProxy = B18B884325719B460028B7E5 /* PBXContainerItemProxy */;
		};
		B18B884F25719B460028B7E5 /* PBXTargetDependency */ = {
			isa = PBXTargetDependency;
			target = B18B882B25719B450028B7E5 /* MSU Groups */;
			targetProxy = B18B884E25719B460028B7E5 /* PBXContainerItemProxy */;
		};
/* End PBXTargetDependency section */

/* Begin PBXVariantGroup section */
		B18B883525719B450028B7E5 /* Main.storyboard */ = {
			isa = PBXVariantGroup;
			children = (
				B18B883625719B450028B7E5 /* Base */,
			);
			name = Main.storyboard;
			sourceTree = "<group>";
		};
		B18B883A25719B460028B7E5 /* LaunchScreen.storyboard */ = {
			isa = PBXVariantGroup;
			children = (
				B18B883B25719B460028B7E5 /* Base */,
			);
			name = LaunchScreen.storyboard;
			sourceTree = "<group>";
		};
/* End PBXVariantGroup section */

/* Begin XCBuildConfiguration section */
		B18B885425719B460028B7E5 /* Debug */ = {
			isa = XCBuildConfiguration;
			buildSettings = {
				ALWAYS_SEARCH_USER_PATHS = NO;
				CLANG_ANALYZER_NONNULL = YES;
				CLANG_ANALYZER_NUMBER_OBJECT_CONVERSION = YES_AGGRESSIVE;
				CLANG_CXX_LANGUAGE_STANDARD = "gnu++14";
				CLANG_CXX_LIBRARY = "libc++";
				CLANG_ENABLE_MODULES = YES;
				CLANG_ENABLE_OBJC_ARC = YES;
				CLANG_ENABLE_OBJC_WEAK = YES;
				CLANG_WARN_BLOCK_CAPTURE_AUTORELEASING = YES;
				CLANG_WARN_BOOL_CONVERSION = YES;
				CLANG_WARN_COMMA = YES;
				CLANG_WARN_CONSTANT_CONVERSION = YES;
				CLANG_WARN_DEPRECATED_OBJC_IMPLEMENTATIONS = YES;
				CLANG_WARN_DIRECT_OBJC_ISA_USAGE = YES_ERROR;
				CLANG_WARN_DOCUMENTATION_COMMENTS = YES;
				CLANG_WARN_EMPTY_BODY = YES;
				CLANG_WARN_ENUM_CONVERSION = YES;
				CLANG_WARN_INFINITE_RECURSION = YES;
				CLANG_WARN_INT_CONVERSION = YES;
				CLANG_WARN_NON_LITERAL_NULL_CONVERSION = YES;
				CLANG_WARN_OBJC_IMPLICIT_RETAIN_SELF = YES;
				CLANG_WARN_OBJC_LITERAL_CONVERSION = YES;
				CLANG_WARN_OBJC_ROOT_CLASS = YES_ERROR;
				CLANG_WARN_QUOTED_INCLUDE_IN_FRAMEWORK_HEADER = YES;
				CLANG_WARN_RANGE_LOOP_ANALYSIS = YES;
				CLANG_WARN_STRICT_PROTOTYPES = YES;
				CLANG_WARN_SUSPICIOUS_MOVE = YES;
				CLANG_WARN_UNGUARDED_AVAILABILITY = YES_AGGRESSIVE;
				CLANG_WARN_UNREACHABLE_CODE = YES;
				CLANG_WARN__DUPLICATE_METHOD_MATCH = YES;
				COPY_PHASE_STRIP = NO;
				DEBUG_INFORMATION_FORMAT = dwarf;
				ENABLE_STRICT_OBJC_MSGSEND = YES;
				ENABLE_TESTABILITY = YES;
				GCC_C_LANGUAGE_STANDARD = gnu11;
				GCC_DYNAMIC_NO_PIC = NO;
				GCC_NO_COMMON_BLOCKS = YES;
				GCC_OPTIMIZATION_LEVEL = 0;
				GCC_PREPROCESSOR_DEFINITIONS = (
					"DEBUG=1",
					"$(inherited)",
				);
				GCC_WARN_64_TO_32_BIT_CONVERSION = YES;
				GCC_WARN_ABOUT_RETURN_TYPE = YES_ERROR;
				GCC_WARN_UNDECLARED_SELECTOR = YES;
				GCC_WARN_UNINITIALIZED_AUTOS = YES_AGGRESSIVE;
				GCC_WARN_UNUSED_FUNCTION = YES;
				GCC_WARN_UNUSED_VARIABLE = YES;
				IPHONEOS_DEPLOYMENT_TARGET = 14.2;
				MTL_ENABLE_DEBUG_INFO = INCLUDE_SOURCE;
				MTL_FAST_MATH = YES;
				ONLY_ACTIVE_ARCH = YES;
				SDKROOT = iphoneos;
				SWIFT_ACTIVE_COMPILATION_CONDITIONS = DEBUG;
				SWIFT_OPTIMIZATION_LEVEL = "-Onone";
			};
			name = Debug;
		};
		B18B885525719B460028B7E5 /* Release */ = {
			isa = XCBuildConfiguration;
			buildSettings = {
				ALWAYS_SEARCH_USER_PATHS = NO;
				CLANG_ANALYZER_NONNULL = YES;
				CLANG_ANALYZER_NUMBER_OBJECT_CONVERSION = YES_AGGRESSIVE;
				CLANG_CXX_LANGUAGE_STANDARD = "gnu++14";
				CLANG_CXX_LIBRARY = "libc++";
				CLANG_ENABLE_MODULES = YES;
				CLANG_ENABLE_OBJC_ARC = YES;
				CLANG_ENABLE_OBJC_WEAK = YES;
				CLANG_WARN_BLOCK_CAPTURE_AUTORELEASING = YES;
				CLANG_WARN_BOOL_CONVERSION = YES;
				CLANG_WARN_COMMA = YES;
				CLANG_WARN_CONSTANT_CONVERSION = YES;
				CLANG_WARN_DEPRECATED_OBJC_IMPLEMENTATIONS = YES;
				CLANG_WARN_DIRECT_OBJC_ISA_USAGE = YES_ERROR;
				CLANG_WARN_DOCUMENTATION_COMMENTS = YES;
				CLANG_WARN_EMPTY_BODY = YES;
				CLANG_WARN_ENUM_CONVERSION = YES;
				CLANG_WARN_INFINITE_RECURSION = YES;
				CLANG_WARN_INT_CONVERSION = YES;
				CLANG_WARN_NON_LITERAL_NULL_CONVERSION = YES;
				CLANG_WARN_OBJC_IMPLICIT_RETAIN_SELF = YES;
				CLANG_WARN_OBJC_LITERAL_CONVERSION = YES;
				CLANG_WARN_OBJC_ROOT_CLASS = YES_ERROR;
				CLANG_WARN_QUOTED_INCLUDE_IN_FRAMEWORK_HEADER = YES;
				CLANG_WARN_RANGE_LOOP_ANALYSIS = YES;
				CLANG_WARN_STRICT_PROTOTYPES = YES;
				CLANG_WARN_SUSPICIOUS_MOVE = YES;
				CLANG_WARN_UNGUARDED_AVAILABILITY = YES_AGGRESSIVE;
				CLANG_WARN_UNREACHABLE_CODE = YES;
				CLANG_WARN__DUPLICATE_METHOD_MATCH = YES;
				COPY_PHASE_STRIP = NO;
				DEBUG_INFORMATION_FORMAT = "dwarf-with-dsym";
				ENABLE_NS_ASSERTIONS = NO;
				ENABLE_STRICT_OBJC_MSGSEND = YES;
				GCC_C_LANGUAGE_STANDARD = gnu11;
				GCC_NO_COMMON_BLOCKS = YES;
				GCC_WARN_64_TO_32_BIT_CONVERSION = YES;
				GCC_WARN_ABOUT_RETURN_TYPE = YES_ERROR;
				GCC_WARN_UNDECLARED_SELECTOR = YES;
				GCC_WARN_UNINITIALIZED_AUTOS = YES_AGGRESSIVE;
				GCC_WARN_UNUSED_FUNCTION = YES;
				GCC_WARN_UNUSED_VARIABLE = YES;
				IPHONEOS_DEPLOYMENT_TARGET = 14.2;
				MTL_ENABLE_DEBUG_INFO = NO;
				MTL_FAST_MATH = YES;
				SDKROOT = iphoneos;
				SWIFT_COMPILATION_MODE = wholemodule;
				SWIFT_OPTIMIZATION_LEVEL = "-O";
				VALIDATE_PRODUCT = YES;
			};
			name = Release;
		};
		B18B885725719B460028B7E5 /* Debug */ = {
			isa = XCBuildConfiguration;
			baseConfigurationReference = 51E7C56667626014A447B51A /* Pods-MSU Groups.debug.xcconfig */;
			buildSettings = {
				ASSETCATALOG_COMPILER_APPICON_NAME = AppIcon;
				ASSETCATALOG_COMPILER_GLOBAL_ACCENT_COLOR_NAME = AccentColor;
				CODE_SIGN_STYLE = Automatic;
				DEVELOPMENT_TEAM = 75HA8F86T8;
				INFOPLIST_FILE = "MSU Groups/Info.plist";
				LD_RUNPATH_SEARCH_PATHS = (
					"$(inherited)",
					"@executable_path/Frameworks",
				);
				PRODUCT_BUNDLE_IDENTIFIER = "john.linwoods-gmail.com.MSU-Groups";
				PRODUCT_NAME = "$(TARGET_NAME)";
				SWIFT_VERSION = 5.0;
				TARGETED_DEVICE_FAMILY = "1,2";
			};
			name = Debug;
		};
		B18B885825719B460028B7E5 /* Release */ = {
			isa = XCBuildConfiguration;
			baseConfigurationReference = 9A201AA4BCB759C2D5309872 /* Pods-MSU Groups.release.xcconfig */;
			buildSettings = {
				ASSETCATALOG_COMPILER_APPICON_NAME = AppIcon;
				ASSETCATALOG_COMPILER_GLOBAL_ACCENT_COLOR_NAME = AccentColor;
				CODE_SIGN_STYLE = Automatic;
				DEVELOPMENT_TEAM = 75HA8F86T8;
				INFOPLIST_FILE = "MSU Groups/Info.plist";
				LD_RUNPATH_SEARCH_PATHS = (
					"$(inherited)",
					"@executable_path/Frameworks",
				);
				PRODUCT_BUNDLE_IDENTIFIER = "john.linwoods-gmail.com.MSU-Groups";
				PRODUCT_NAME = "$(TARGET_NAME)";
				SWIFT_VERSION = 5.0;
				TARGETED_DEVICE_FAMILY = "1,2";
			};
			name = Release;
		};
		B18B885A25719B460028B7E5 /* Debug */ = {
			isa = XCBuildConfiguration;
			baseConfigurationReference = A5AF62D2D514BE3945C2EEB5 /* Pods-MSU GroupsTests.debug.xcconfig */;
			buildSettings = {
				ALWAYS_EMBED_SWIFT_STANDARD_LIBRARIES = YES;
				BUNDLE_LOADER = "$(TEST_HOST)";
				CODE_SIGN_STYLE = Automatic;
				INFOPLIST_FILE = "MSU GroupsTests/Info.plist";
				IPHONEOS_DEPLOYMENT_TARGET = 14.2;
				LD_RUNPATH_SEARCH_PATHS = (
					"$(inherited)",
					"@executable_path/Frameworks",
					"@loader_path/Frameworks",
				);
				PRODUCT_BUNDLE_IDENTIFIER = "john.linwoods-gmail.com.MSU-GroupsTests";
				PRODUCT_NAME = "$(TARGET_NAME)";
				SWIFT_VERSION = 5.0;
				TARGETED_DEVICE_FAMILY = "1,2";
				TEST_HOST = "$(BUILT_PRODUCTS_DIR)/MSU Groups.app/MSU Groups";
			};
			name = Debug;
		};
		B18B885B25719B460028B7E5 /* Release */ = {
			isa = XCBuildConfiguration;
			baseConfigurationReference = C9BC7E06C97EF3D2B6F1A284 /* Pods-MSU GroupsTests.release.xcconfig */;
			buildSettings = {
				ALWAYS_EMBED_SWIFT_STANDARD_LIBRARIES = YES;
				BUNDLE_LOADER = "$(TEST_HOST)";
				CODE_SIGN_STYLE = Automatic;
				INFOPLIST_FILE = "MSU GroupsTests/Info.plist";
				IPHONEOS_DEPLOYMENT_TARGET = 14.2;
				LD_RUNPATH_SEARCH_PATHS = (
					"$(inherited)",
					"@executable_path/Frameworks",
					"@loader_path/Frameworks",
				);
				PRODUCT_BUNDLE_IDENTIFIER = "john.linwoods-gmail.com.MSU-GroupsTests";
				PRODUCT_NAME = "$(TARGET_NAME)";
				SWIFT_VERSION = 5.0;
				TARGETED_DEVICE_FAMILY = "1,2";
				TEST_HOST = "$(BUILT_PRODUCTS_DIR)/MSU Groups.app/MSU Groups";
			};
			name = Release;
		};
		B18B885D25719B460028B7E5 /* Debug */ = {
			isa = XCBuildConfiguration;
			baseConfigurationReference = 3B7F76172938B3712CB4FC7A /* Pods-MSU Groups-MSU GroupsUITests.debug.xcconfig */;
			buildSettings = {
				ALWAYS_EMBED_SWIFT_STANDARD_LIBRARIES = YES;
				CODE_SIGN_STYLE = Automatic;
				INFOPLIST_FILE = "MSU GroupsUITests/Info.plist";
				LD_RUNPATH_SEARCH_PATHS = (
					"$(inherited)",
					"@executable_path/Frameworks",
					"@loader_path/Frameworks",
				);
				PRODUCT_BUNDLE_IDENTIFIER = "john.linwoods-gmail.com.MSU-GroupsUITests";
				PRODUCT_NAME = "$(TARGET_NAME)";
				SWIFT_VERSION = 5.0;
				TARGETED_DEVICE_FAMILY = "1,2";
				TEST_TARGET_NAME = "MSU Groups";
			};
			name = Debug;
		};
		B18B885E25719B460028B7E5 /* Release */ = {
			isa = XCBuildConfiguration;
			baseConfigurationReference = 8D377AE94414C2846FDA77A7 /* Pods-MSU Groups-MSU GroupsUITests.release.xcconfig */;
			buildSettings = {
				ALWAYS_EMBED_SWIFT_STANDARD_LIBRARIES = YES;
				CODE_SIGN_STYLE = Automatic;
				INFOPLIST_FILE = "MSU GroupsUITests/Info.plist";
				LD_RUNPATH_SEARCH_PATHS = (
					"$(inherited)",
					"@executable_path/Frameworks",
					"@loader_path/Frameworks",
				);
				PRODUCT_BUNDLE_IDENTIFIER = "john.linwoods-gmail.com.MSU-GroupsUITests";
				PRODUCT_NAME = "$(TARGET_NAME)";
				SWIFT_VERSION = 5.0;
				TARGETED_DEVICE_FAMILY = "1,2";
				TEST_TARGET_NAME = "MSU Groups";
			};
			name = Release;
		};
/* End XCBuildConfiguration section */

/* Begin XCConfigurationList section */
		B18B882725719B450028B7E5 /* Build configuration list for PBXProject "MSU Groups" */ = {
			isa = XCConfigurationList;
			buildConfigurations = (
				B18B885425719B460028B7E5 /* Debug */,
				B18B885525719B460028B7E5 /* Release */,
			);
			defaultConfigurationIsVisible = 0;
			defaultConfigurationName = Release;
		};
		B18B885625719B460028B7E5 /* Build configuration list for PBXNativeTarget "MSU Groups" */ = {
			isa = XCConfigurationList;
			buildConfigurations = (
				B18B885725719B460028B7E5 /* Debug */,
				B18B885825719B460028B7E5 /* Release */,
			);
			defaultConfigurationIsVisible = 0;
			defaultConfigurationName = Release;
		};
		B18B885925719B460028B7E5 /* Build configuration list for PBXNativeTarget "MSU GroupsTests" */ = {
			isa = XCConfigurationList;
			buildConfigurations = (
				B18B885A25719B460028B7E5 /* Debug */,
				B18B885B25719B460028B7E5 /* Release */,
			);
			defaultConfigurationIsVisible = 0;
			defaultConfigurationName = Release;
		};
		B18B885C25719B460028B7E5 /* Build configuration list for PBXNativeTarget "MSU GroupsUITests" */ = {
			isa = XCConfigurationList;
			buildConfigurations = (
				B18B885D25719B460028B7E5 /* Debug */,
				B18B885E25719B460028B7E5 /* Release */,
			);
			defaultConfigurationIsVisible = 0;
			defaultConfigurationName = Release;
		};
/* End XCConfigurationList section */
	};
	rootObject = B18B882425719B450028B7E5 /* Project object */;
}
